
Microsoft Visual Studio Solution File, Format Version 12.00
# Visual Studio Version 17
VisualStudioVersion = 17.0.31903.59
MinimumVisualStudioVersion = 10.0.40219.1
Project("{FAE04EC0-301F-11D3-BF4B-00C04F79EFBC}") = "DempAPI", "DempAPI\DempAPI.csproj", "{6A73A428-64B7-4FC8-95C1-675EE1C5FEE7}"
EndProject
Global
	GlobalSection(SolutionConfigurationPlatforms) = preSolution
		Debug|Any CPU = Debug|Any CPU
		Debug|x64 = Debug|x64
		Debug|x86 = Debug|x86
		Release|Any CPU = Release|Any CPU
		Release|x64 = Release|x64
		Release|x86 = Release|x86
	EndGlobalSection
	GlobalSection(ProjectConfigurationPlatforms) = postSolution
		{6A73A428-64B7-4FC8-95C1-675EE1C5FEE7}.Debug|Any CPU.ActiveCfg = Debug|Any CPU
		{6A73A428-64B7-4FC8-95C1-675EE1C5FEE7}.Debug|Any CPU.Build.0 = Debug|Any CPU
		{6A73A428-64B7-4FC8-95C1-675EE1C5FEE7}.Debug|x64.ActiveCfg = Debug|Any CPU
		{6A73A428-64B7-4FC8-95C1-675EE1C5FEE7}.Debug|x64.Build.0 = Debug|Any CPU
		{6A73A428-64B7-4FC8-95C1-675EE1C5FEE7}.Debug|x86.ActiveCfg = Debug|Any CPU
		{6A73A428-64B7-4FC8-95C1-675EE1C5FEE7}.Debug|x86.Build.0 = Debug|Any CPU
		{6A73A428-64B7-4FC8-95C1-675EE1C5FEE7}.Release|Any CPU.ActiveCfg = Release|Any CPU
		{6A73A428-64B7-4FC8-95C1-675EE1C5FEE7}.Release|Any CPU.Build.0 = Release|Any CPU
		{6A73A428-64B7-4FC8-95C1-675EE1C5FEE7}.Release|x64.ActiveCfg = Release|Any CPU
		{6A73A428-64B7-4FC8-95C1-675EE1C5FEE7}.Release|x64.Build.0 = Release|Any CPU
		{6A73A428-64B7-4FC8-95C1-675EE1C5FEE7}.Release|x86.ActiveCfg = Release|Any CPU
		{6A73A428-64B7-4FC8-95C1-675EE1C5FEE7}.Release|x86.Build.0 = Release|Any CPU
	EndGlobalSection
	GlobalSection(SolutionProperties) = preSolution
		HideSolutionNode = FALSE
	EndGlobalSection
EndGlobal
